// !$*UTF8*$!
{
	archiveVersion = 1;
	classes = {
	};
	objectVersion = 50;
	objects = {

/* Begin PBXBuildFile section */
		2252FC5925F9DD170060E8D8 /* PLPView.swift in Sources */ = {isa = PBXBuildFile; fileRef = 2252FC5825F9DD170060E8D8 /* PLPView.swift */; };
		225783712609AAB1004CCAC0 /* EC2FoodList.swift in Sources */ = {isa = PBXBuildFile; fileRef = 225783702609AAB1004CCAC0 /* EC2FoodList.swift */; };
		225783742609ABCC004CCAC0 /* FoodItemCell.swift in Sources */ = {isa = PBXBuildFile; fileRef = 225783732609ABCC004CCAC0 /* FoodItemCell.swift */; };
		226DDC8525EFBD5B008926D9 /* Ecommerce_ScreensApp.swift in Sources */ = {isa = PBXBuildFile; fileRef = 226DDC8425EFBD5B008926D9 /* Ecommerce_ScreensApp.swift */; };
		226DDC8725EFBD5B008926D9 /* ContentView.swift in Sources */ = {isa = PBXBuildFile; fileRef = 226DDC8625EFBD5B008926D9 /* ContentView.swift */; };
		226DDC8925EFBD61008926D9 /* Assets.xcassets in Resources */ = {isa = PBXBuildFile; fileRef = 226DDC8825EFBD61008926D9 /* Assets.xcassets */; };
		226DDC8C25EFBD61008926D9 /* Preview Assets.xcassets in Resources */ = {isa = PBXBuildFile; fileRef = 226DDC8B25EFBD61008926D9 /* Preview Assets.xcassets */; };
		226DDC9525EFC399008926D9 /* HomeScreenView.swift in Sources */ = {isa = PBXBuildFile; fileRef = 226DDC9425EFC399008926D9 /* HomeScreenView.swift */; };
		226DDC9825EFCDA1008926D9 /* HomeTopBannerView.swift in Sources */ = {isa = PBXBuildFile; fileRef = 226DDC9725EFCDA1008926D9 /* HomeTopBannerView.swift */; };
		227EAFF12603286900F78997 /* Termina Thin.otf in Resources */ = {isa = PBXBuildFile; fileRef = 227EAFE82603286800F78997 /* Termina Thin.otf */; };
		227EAFF22603286900F78997 /* Termina Bold.otf in Resources */ = {isa = PBXBuildFile; fileRef = 227EAFE92603286900F78997 /* Termina Bold.otf */; };
		227EAFF32603286900F78997 /* Termina Extra Light.otf in Resources */ = {isa = PBXBuildFile; fileRef = 227EAFEA2603286900F78997 /* Termina Extra Light.otf */; };
		227EAFF42603286900F78997 /* Termina Medium.otf in Resources */ = {isa = PBXBuildFile; fileRef = 227EAFEB2603286900F78997 /* Termina Medium.otf */; };
		227EAFF52603286900F78997 /* Termina Heavy.otf in Resources */ = {isa = PBXBuildFile; fileRef = 227EAFEC2603286900F78997 /* Termina Heavy.otf */; };
		227EAFF62603286900F78997 /* Termina Black.otf in Resources */ = {isa = PBXBuildFile; fileRef = 227EAFED2603286900F78997 /* Termina Black.otf */; };
		227EAFF72603286900F78997 /* Termina Demi.otf in Resources */ = {isa = PBXBuildFile; fileRef = 227EAFEE2603286900F78997 /* Termina Demi.otf */; };
		227EAFF82603286900F78997 /* Termina Light.otf in Resources */ = {isa = PBXBuildFile; fileRef = 227EAFEF2603286900F78997 /* Termina Light.otf */; };
		227EAFF92603286900F78997 /* Termina Regular.otf in Resources */ = {isa = PBXBuildFile; fileRef = 227EAFF02603286900F78997 /* Termina Regular.otf */; };
		227EAFFF26032A8D00F78997 /* Text+Font.swift in Sources */ = {isa = PBXBuildFile; fileRef = 227EAFFE26032A8D00F78997 /* Text+Font.swift */; };
		22920D51261375F2008CBBF3 /* EC2OrderScreen.swift in Sources */ = {isa = PBXBuildFile; fileRef = 22920D50261375F2008CBBF3 /* EC2OrderScreen.swift */; };
		22920D5426137EB2008CBBF3 /* EC2OrderList.swift in Sources */ = {isa = PBXBuildFile; fileRef = 22920D5326137EB2008CBBF3 /* EC2OrderList.swift */; };
		22920D5726138C1B008CBBF3 /* EC2OrderListCell.swift in Sources */ = {isa = PBXBuildFile; fileRef = 22920D5626138C1B008CBBF3 /* EC2OrderListCell.swift */; };
		22959814260ACF76007501A1 /* FoodItemDetailView.swift in Sources */ = {isa = PBXBuildFile; fileRef = 22959813260ACF76007501A1 /* FoodItemDetailView.swift */; };
		229D8AEF2608E115001C846A /* EC2MenuCateroryListCollection.swift in Sources */ = {isa = PBXBuildFile; fileRef = 229D8AEE2608E115001C846A /* EC2MenuCateroryListCollection.swift */; };
		22B9D0D2260CB78700F4C72E /* ShapeOverlayDemo.swift in Sources */ = {isa = PBXBuildFile; fileRef = 22B9D0D1260CB78700F4C72E /* ShapeOverlayDemo.swift */; };
		22C9669626160DF300BFD393 /* EC2OrderStatusView.swift in Sources */ = {isa = PBXBuildFile; fileRef = 22C9669526160DF300BFD393 /* EC2OrderStatusView.swift */; };
		22D2A3CF2601D4D100C72974 /* PLPSortFilterHeaderView.swift in Sources */ = {isa = PBXBuildFile; fileRef = 22D2A3CE2601D4D100C72974 /* PLPSortFilterHeaderView.swift */; };
		22D2A3D22602380E00C72974 /* PDPView.swift in Sources */ = {isa = PBXBuildFile; fileRef = 22D2A3D12602380E00C72974 /* PDPView.swift */; };
		22D2A3DD2602453B00C72974 /* PDPProductInitialDescView.swift in Sources */ = {isa = PBXBuildFile; fileRef = 22D2A3DC2602453B00C72974 /* PDPProductInitialDescView.swift */; };
		22D2A3E02602560E00C72974 /* PDPColorsView.swift in Sources */ = {isa = PBXBuildFile; fileRef = 22D2A3DF2602560E00C72974 /* PDPColorsView.swift */; };
		22D2A3E32602589000C72974 /* PDPColorsCollectionView.swift in Sources */ = {isa = PBXBuildFile; fileRef = 22D2A3E22602589000C72974 /* PDPColorsCollectionView.swift */; };
		22DD863525F09D0A00CD94BE /* PageControl.swift in Sources */ = {isa = PBXBuildFile; fileRef = 22DD863425F09D0A00CD94BE /* PageControl.swift */; };
		22DD863925F09F0900CD94BE /* Color+Codable.swift in Sources */ = {isa = PBXBuildFile; fileRef = 22DD863825F09F0900CD94BE /* Color+Codable.swift */; };
		22DD863C25F0A3D200CD94BE /* HomeCategoryListView.swift in Sources */ = {isa = PBXBuildFile; fileRef = 22DD863B25F0A3D200CD94BE /* HomeCategoryListView.swift */; };
		22DD863F25F0A49100CD94BE /* HomePortraitProductView.swift in Sources */ = {isa = PBXBuildFile; fileRef = 22DD863E25F0A49100CD94BE /* HomePortraitProductView.swift */; };
		22DD864225F0B26400CD94BE /* RoundedCorners.swift in Sources */ = {isa = PBXBuildFile; fileRef = 22DD864125F0B26400CD94BE /* RoundedCorners.swift */; };
		22DE3F4726078F8D003CB443 /* EC2Home.swift in Sources */ = {isa = PBXBuildFile; fileRef = 22DE3F4626078F8D003CB443 /* EC2Home.swift */; };
		22DE3F4A260792B3003CB443 /* EC2HomeDeliveryAddressCell.swift in Sources */ = {isa = PBXBuildFile; fileRef = 22DE3F49260792B3003CB443 /* EC2HomeDeliveryAddressCell.swift */; };
		22E7DAAE25F6714E006F98EF /* home.png in Resources */ = {isa = PBXBuildFile; fileRef = 22E7DAAC25F6714E006F98EF /* home.png */; };
		22E7DAAF25F6714E006F98EF /* home2.png in Resources */ = {isa = PBXBuildFile; fileRef = 22E7DAAD25F6714E006F98EF /* home2.png */; };
		22F3CA542605DC2F006EEF02 /* home3.png in Resources */ = {isa = PBXBuildFile; fileRef = 22F3CA532605DC2E006EEF02 /* home3.png */; };
		22F3CA572605DC3C006EEF02 /* home4.png in Resources */ = {isa = PBXBuildFile; fileRef = 22F3CA562605DC3C006EEF02 /* home4.png */; };
		22F3CA5A2605DC44006EEF02 /* home5.png in Resources */ = {isa = PBXBuildFile; fileRef = 22F3CA592605DC44006EEF02 /* home5.png */; };
		22F3CA5D2605DC52006EEF02 /* home6.png in Resources */ = {isa = PBXBuildFile; fileRef = 22F3CA5C2605DC52006EEF02 /* home6.png */; };
		22F3CA602605DC7B006EEF02 /* home7.png in Resources */ = {isa = PBXBuildFile; fileRef = 22F3CA5F2605DC7B006EEF02 /* home7.png */; };
/* End PBXBuildFile section */

/* Begin PBXFileReference section */
		2252FC5825F9DD170060E8D8 /* PLPView.swift */ = {isa = PBXFileReference; lastKnownFileType = sourcecode.swift; path = PLPView.swift; sourceTree = "<group>"; };
		225783702609AAB1004CCAC0 /* EC2FoodList.swift */ = {isa = PBXFileReference; lastKnownFileType = sourcecode.swift; path = EC2FoodList.swift; sourceTree = "<group>"; };
		225783732609ABCC004CCAC0 /* FoodItemCell.swift */ = {isa = PBXFileReference; lastKnownFileType = sourcecode.swift; path = FoodItemCell.swift; sourceTree = "<group>"; };
		226DDC8125EFBD5B008926D9 /* Ecommerce Screens.app */ = {isa = PBXFileReference; explicitFileType = wrapper.application; includeInIndex = 0; path = "Ecommerce Screens.app"; sourceTree = BUILT_PRODUCTS_DIR; };
		226DDC8425EFBD5B008926D9 /* Ecommerce_ScreensApp.swift */ = {isa = PBXFileReference; lastKnownFileType = sourcecode.swift; path = Ecommerce_ScreensApp.swift; sourceTree = "<group>"; };
		226DDC8625EFBD5B008926D9 /* ContentView.swift */ = {isa = PBXFileReference; lastKnownFileType = sourcecode.swift; path = ContentView.swift; sourceTree = "<group>"; };
		226DDC8825EFBD61008926D9 /* Assets.xcassets */ = {isa = PBXFileReference; lastKnownFileType = folder.assetcatalog; path = Assets.xcassets; sourceTree = "<group>"; };
		226DDC8B25EFBD61008926D9 /* Preview Assets.xcassets */ = {isa = PBXFileReference; lastKnownFileType = folder.assetcatalog; path = "Preview Assets.xcassets"; sourceTree = "<group>"; };
		226DDC8D25EFBD61008926D9 /* Info.plist */ = {isa = PBXFileReference; lastKnownFileType = text.plist.xml; path = Info.plist; sourceTree = "<group>"; };
		226DDC9425EFC399008926D9 /* HomeScreenView.swift */ = {isa = PBXFileReference; lastKnownFileType = sourcecode.swift; path = HomeScreenView.swift; sourceTree = "<group>"; };
		226DDC9725EFCDA1008926D9 /* HomeTopBannerView.swift */ = {isa = PBXFileReference; lastKnownFileType = sourcecode.swift; path = HomeTopBannerView.swift; sourceTree = "<group>"; };
		227EAFE82603286800F78997 /* Termina Thin.otf */ = {isa = PBXFileReference; lastKnownFileType = file; path = "Termina Thin.otf"; sourceTree = "<group>"; };
		227EAFE92603286900F78997 /* Termina Bold.otf */ = {isa = PBXFileReference; lastKnownFileType = file; path = "Termina Bold.otf"; sourceTree = "<group>"; };
		227EAFEA2603286900F78997 /* Termina Extra Light.otf */ = {isa = PBXFileReference; lastKnownFileType = file; path = "Termina Extra Light.otf"; sourceTree = "<group>"; };
		227EAFEB2603286900F78997 /* Termina Medium.otf */ = {isa = PBXFileReference; lastKnownFileType = file; path = "Termina Medium.otf"; sourceTree = "<group>"; };
		227EAFEC2603286900F78997 /* Termina Heavy.otf */ = {isa = PBXFileReference; lastKnownFileType = file; path = "Termina Heavy.otf"; sourceTree = "<group>"; };
		227EAFED2603286900F78997 /* Termina Black.otf */ = {isa = PBXFileReference; lastKnownFileType = file; path = "Termina Black.otf"; sourceTree = "<group>"; };
		227EAFEE2603286900F78997 /* Termina Demi.otf */ = {isa = PBXFileReference; lastKnownFileType = file; path = "Termina Demi.otf"; sourceTree = "<group>"; };
		227EAFEF2603286900F78997 /* Termina Light.otf */ = {isa = PBXFileReference; lastKnownFileType = file; path = "Termina Light.otf"; sourceTree = "<group>"; };
		227EAFF02603286900F78997 /* Termina Regular.otf */ = {isa = PBXFileReference; lastKnownFileType = file; path = "Termina Regular.otf"; sourceTree = "<group>"; };
		227EAFFE26032A8D00F78997 /* Text+Font.swift */ = {isa = PBXFileReference; lastKnownFileType = sourcecode.swift; path = "Text+Font.swift"; sourceTree = "<group>"; };
		22920D50261375F2008CBBF3 /* EC2OrderScreen.swift */ = {isa = PBXFileReference; lastKnownFileType = sourcecode.swift; path = EC2OrderScreen.swift; sourceTree = "<group>"; };
		22920D5326137EB2008CBBF3 /* EC2OrderList.swift */ = {isa = PBXFileReference; lastKnownFileType = sourcecode.swift; path = EC2OrderList.swift; sourceTree = "<group>"; };
		22920D5626138C1B008CBBF3 /* EC2OrderListCell.swift */ = {isa = PBXFileReference; lastKnownFileType = sourcecode.swift; path = EC2OrderListCell.swift; sourceTree = "<group>"; };
		22959813260ACF76007501A1 /* FoodItemDetailView.swift */ = {isa = PBXFileReference; lastKnownFileType = sourcecode.swift; path = FoodItemDetailView.swift; sourceTree = "<group>"; };
		229D8AEE2608E115001C846A /* EC2MenuCateroryListCollection.swift */ = {isa = PBXFileReference; lastKnownFileType = sourcecode.swift; path = EC2MenuCateroryListCollection.swift; sourceTree = "<group>"; };
		22B9D0D1260CB78700F4C72E /* ShapeOverlayDemo.swift */ = {isa = PBXFileReference; lastKnownFileType = sourcecode.swift; path = ShapeOverlayDemo.swift; sourceTree = "<group>"; };
		22C9669526160DF300BFD393 /* EC2OrderStatusView.swift */ = {isa = PBXFileReference; lastKnownFileType = sourcecode.swift; path = EC2OrderStatusView.swift; sourceTree = "<group>"; };
		22D2A3CE2601D4D100C72974 /* PLPSortFilterHeaderView.swift */ = {isa = PBXFileReference; lastKnownFileType = sourcecode.swift; path = PLPSortFilterHeaderView.swift; sourceTree = "<group>"; };
		22D2A3D12602380E00C72974 /* PDPView.swift */ = {isa = PBXFileReference; lastKnownFileType = sourcecode.swift; path = PDPView.swift; sourceTree = "<group>"; };
		22D2A3DC2602453B00C72974 /* PDPProductInitialDescView.swift */ = {isa = PBXFileReference; lastKnownFileType = sourcecode.swift; path = PDPProductInitialDescView.swift; sourceTree = "<group>"; };
		22D2A3DF2602560E00C72974 /* PDPColorsView.swift */ = {isa = PBXFileReference; lastKnownFileType = sourcecode.swift; path = PDPColorsView.swift; sourceTree = "<group>"; };
		22D2A3E22602589000C72974 /* PDPColorsCollectionView.swift */ = {isa = PBXFileReference; lastKnownFileType = sourcecode.swift; path = PDPColorsCollectionView.swift; sourceTree = "<group>"; };
		22DD863425F09D0A00CD94BE /* PageControl.swift */ = {isa = PBXFileReference; lastKnownFileType = sourcecode.swift; path = PageControl.swift; sourceTree = "<group>"; };
		22DD863825F09F0900CD94BE /* Color+Codable.swift */ = {isa = PBXFileReference; fileEncoding = 4; lastKnownFileType = sourcecode.swift; path = "Color+Codable.swift"; sourceTree = "<group>"; };
		22DD863B25F0A3D200CD94BE /* HomeCategoryListView.swift */ = {isa = PBXFileReference; lastKnownFileType = sourcecode.swift; path = HomeCategoryListView.swift; sourceTree = "<group>"; };
		22DD863E25F0A49100CD94BE /* HomePortraitProductView.swift */ = {isa = PBXFileReference; lastKnownFileType = sourcecode.swift; path = HomePortraitProductView.swift; sourceTree = "<group>"; };
		22DD864125F0B26400CD94BE /* RoundedCorners.swift */ = {isa = PBXFileReference; lastKnownFileType = sourcecode.swift; path = RoundedCorners.swift; sourceTree = "<group>"; };
		22DE3F4626078F8D003CB443 /* EC2Home.swift */ = {isa = PBXFileReference; lastKnownFileType = sourcecode.swift; path = EC2Home.swift; sourceTree = "<group>"; };
		22DE3F49260792B3003CB443 /* EC2HomeDeliveryAddressCell.swift */ = {isa = PBXFileReference; lastKnownFileType = sourcecode.swift; path = EC2HomeDeliveryAddressCell.swift; sourceTree = "<group>"; };
		22E7DAAC25F6714E006F98EF /* home.png */ = {isa = PBXFileReference; lastKnownFileType = image.png; name = home.png; path = CommonRes/home.png; sourceTree = SOURCE_ROOT; };
		22E7DAAD25F6714E006F98EF /* home2.png */ = {isa = PBXFileReference; lastKnownFileType = image.png; name = home2.png; path = CommonRes/home2.png; sourceTree = SOURCE_ROOT; };
		22F3CA532605DC2E006EEF02 /* home3.png */ = {isa = PBXFileReference; lastKnownFileType = image.png; path = home3.png; sourceTree = "<group>"; };
		22F3CA562605DC3C006EEF02 /* home4.png */ = {isa = PBXFileReference; lastKnownFileType = image.png; path = home4.png; sourceTree = "<group>"; };
		22F3CA592605DC44006EEF02 /* home5.png */ = {isa = PBXFileReference; lastKnownFileType = image.png; path = home5.png; sourceTree = "<group>"; };
		22F3CA5C2605DC52006EEF02 /* home6.png */ = {isa = PBXFileReference; lastKnownFileType = image.png; path = home6.png; sourceTree = "<group>"; };
		22F3CA5F2605DC7B006EEF02 /* home7.png */ = {isa = PBXFileReference; lastKnownFileType = image.png; path = home7.png; sourceTree = "<group>"; };
/* End PBXFileReference section */

/* Begin PBXFrameworksBuildPhase section */
		226DDC7E25EFBD5B008926D9 /* Frameworks */ = {
			isa = PBXFrameworksBuildPhase;
			buildActionMask = 2147483647;
			files = (
			);
			runOnlyForDeploymentPostprocessing = 0;
		};
/* End PBXFrameworksBuildPhase section */

/* Begin PBXGroup section */
		226DDC7825EFBD5B008926D9 = {
			isa = PBXGroup;
			children = (
				225783732609ABCC004CCAC0 /* FoodItemCell.swift */,
				227EAFE62603281900F78997 /* CommonRes */,
				226DDC8325EFBD5B008926D9 /* Ecommerce Screens */,
				226DDC8225EFBD5B008926D9 /* Products */,
			);
			sourceTree = "<group>";
		};
		226DDC8225EFBD5B008926D9 /* Products */ = {
			isa = PBXGroup;
			children = (
				226DDC8125EFBD5B008926D9 /* Ecommerce Screens.app */,
			);
			name = Products;
			sourceTree = "<group>";
		};
		226DDC8325EFBD5B008926D9 /* Ecommerce Screens */ = {
			isa = PBXGroup;
			children = (
				226DDC8425EFBD5B008926D9 /* Ecommerce_ScreensApp.swift */,
				22DE3F4526078BD2003CB443 /* Ecommerce2 */,
				22DE3F4426078B91003CB443 /* Ecommerce1 */,
				227EAFFC26032A6A00F78997 /* Utility */,
				227EAFE72603285900F78997 /* Assets */,
				226DDC8825EFBD61008926D9 /* Assets.xcassets */,
				226DDC8D25EFBD61008926D9 /* Info.plist */,
				226DDC8A25EFBD61008926D9 /* Preview Content */,
			);
			path = "Ecommerce Screens";
			sourceTree = "<group>";
		};
		226DDC8A25EFBD61008926D9 /* Preview Content */ = {
			isa = PBXGroup;
			children = (
				226DDC8B25EFBD61008926D9 /* Preview Assets.xcassets */,
			);
			path = "Preview Content";
			sourceTree = "<group>";
		};
		227EAFE62603281900F78997 /* CommonRes */ = {
			isa = PBXGroup;
			children = (
				22E7DAAC25F6714E006F98EF /* home.png */,
				22F3CA532605DC2E006EEF02 /* home3.png */,
				22F3CA562605DC3C006EEF02 /* home4.png */,
				22F3CA592605DC44006EEF02 /* home5.png */,
				22F3CA5C2605DC52006EEF02 /* home6.png */,
				22E7DAAD25F6714E006F98EF /* home2.png */,
				22F3CA5F2605DC7B006EEF02 /* home7.png */,
			);
			path = CommonRes;
			sourceTree = "<group>";
		};
		227EAFE72603285900F78997 /* Assets */ = {
			isa = PBXGroup;
			children = (
				227EAFFB26032A3300F78997 /* Fonts */,
			);
			path = Assets;
			sourceTree = "<group>";
		};
		227EAFFB26032A3300F78997 /* Fonts */ = {
			isa = PBXGroup;
			children = (
				227EAFED2603286900F78997 /* Termina Black.otf */,
				227EAFE92603286900F78997 /* Termina Bold.otf */,
				227EAFEE2603286900F78997 /* Termina Demi.otf */,
				227EAFEA2603286900F78997 /* Termina Extra Light.otf */,
				227EAFEC2603286900F78997 /* Termina Heavy.otf */,
				227EAFEF2603286900F78997 /* Termina Light.otf */,
				227EAFEB2603286900F78997 /* Termina Medium.otf */,
				227EAFF02603286900F78997 /* Termina Regular.otf */,
				227EAFE82603286800F78997 /* Termina Thin.otf */,
			);
			path = Fonts;
			sourceTree = "<group>";
		};
		227EAFFC26032A6A00F78997 /* Utility */ = {
			isa = PBXGroup;
			children = (
				227EAFFD26032A7200F78997 /* Extensions */,
			);
			path = Utility;
			sourceTree = "<group>";
		};
		227EAFFD26032A7200F78997 /* Extensions */ = {
			isa = PBXGroup;
			children = (
				227EAFFE26032A8D00F78997 /* Text+Font.swift */,
				22DD863825F09F0900CD94BE /* Color+Codable.swift */,
			);
			path = Extensions;
			sourceTree = "<group>";
		};
		22DE3F4426078B91003CB443 /* Ecommerce1 */ = {
			isa = PBXGroup;
			children = (
				226DDC8625EFBD5B008926D9 /* ContentView.swift */,
				226DDC9425EFC399008926D9 /* HomeScreenView.swift */,
				2252FC5825F9DD170060E8D8 /* PLPView.swift */,
				22D2A3D12602380E00C72974 /* PDPView.swift */,
				22D2A3E22602589000C72974 /* PDPColorsCollectionView.swift */,
				22D2A3DF2602560E00C72974 /* PDPColorsView.swift */,
				22D2A3DC2602453B00C72974 /* PDPProductInitialDescView.swift */,
				22D2A3CE2601D4D100C72974 /* PLPSortFilterHeaderView.swift */,
				22DD863E25F0A49100CD94BE /* HomePortraitProductView.swift */,
				22DD864125F0B26400CD94BE /* RoundedCorners.swift */,
				22DD863B25F0A3D200CD94BE /* HomeCategoryListView.swift */,
				22DD863425F09D0A00CD94BE /* PageControl.swift */,
				226DDC9725EFCDA1008926D9 /* HomeTopBannerView.swift */,
			);
			path = Ecommerce1;
			sourceTree = "<group>";
		};
		22DE3F4526078BD2003CB443 /* Ecommerce2 */ = {
			isa = PBXGroup;
			children = (
				22DE3F4626078F8D003CB443 /* EC2Home.swift */,
				229D8AEE2608E115001C846A /* EC2MenuCateroryListCollection.swift */,
				225783702609AAB1004CCAC0 /* EC2FoodList.swift */,
				22DE3F49260792B3003CB443 /* EC2HomeDeliveryAddressCell.swift */,
				22959813260ACF76007501A1 /* FoodItemDetailView.swift */,
				22B9D0D1260CB78700F4C72E /* ShapeOverlayDemo.swift */,
				22920D50261375F2008CBBF3 /* EC2OrderScreen.swift */,
				22C9669526160DF300BFD393 /* EC2OrderStatusView.swift */,
				22920D5326137EB2008CBBF3 /* EC2OrderList.swift */,
				22920D5626138C1B008CBBF3 /* EC2OrderListCell.swift */,
			);
			path = Ecommerce2;
			sourceTree = "<group>";
		};
/* End PBXGroup section */

/* Begin PBXNativeTarget section */
		226DDC8025EFBD5B008926D9 /* Ecommerce Screens */ = {
			isa = PBXNativeTarget;
			buildConfigurationList = 226DDC9025EFBD61008926D9 /* Build configuration list for PBXNativeTarget "Ecommerce Screens" */;
			buildPhases = (
				226DDC7D25EFBD5B008926D9 /* Sources */,
				226DDC7E25EFBD5B008926D9 /* Frameworks */,
				226DDC7F25EFBD5B008926D9 /* Resources */,
			);
			buildRules = (
			);
			dependencies = (
			);
			name = "Ecommerce Screens";
			productName = "Ecommerce Screens";
			productReference = 226DDC8125EFBD5B008926D9 /* Ecommerce Screens.app */;
			productType = "com.apple.product-type.application";
		};
/* End PBXNativeTarget section */

/* Begin PBXProject section */
		226DDC7925EFBD5B008926D9 /* Project object */ = {
			isa = PBXProject;
			attributes = {
				LastSwiftUpdateCheck = 1230;
				LastUpgradeCheck = 1230;
				TargetAttributes = {
					226DDC8025EFBD5B008926D9 = {
						CreatedOnToolsVersion = 12.3;
					};
				};
			};
			buildConfigurationList = 226DDC7C25EFBD5B008926D9 /* Build configuration list for PBXProject "Ecommerce Screens" */;
			compatibilityVersion = "Xcode 9.3";
			developmentRegion = en;
			hasScannedForEncodings = 0;
			knownRegions = (
				en,
				Base,
			);
			mainGroup = 226DDC7825EFBD5B008926D9;
			productRefGroup = 226DDC8225EFBD5B008926D9 /* Products */;
			projectDirPath = "";
			projectRoot = "";
			targets = (
				226DDC8025EFBD5B008926D9 /* Ecommerce Screens */,
			);
		};
/* End PBXProject section */

/* Begin PBXResourcesBuildPhase section */
		226DDC7F25EFBD5B008926D9 /* Resources */ = {
			isa = PBXResourcesBuildPhase;
			buildActionMask = 2147483647;
			files = (
				227EAFF12603286900F78997 /* Termina Thin.otf in Resources */,
				22E7DAAE25F6714E006F98EF /* home.png in Resources */,
				227EAFF72603286900F78997 /* Termina Demi.otf in Resources */,
				227EAFF32603286900F78997 /* Termina Extra Light.otf in Resources */,
				227EAFF52603286900F78997 /* Termina Heavy.otf in Resources */,
				227EAFF92603286900F78997 /* Termina Regular.otf in Resources */,
				226DDC8C25EFBD61008926D9 /* Preview Assets.xcassets in Resources */,
				227EAFF42603286900F78997 /* Termina Medium.otf in Resources */,
				22F3CA602605DC7B006EEF02 /* home7.png in Resources */,
				227EAFF22603286900F78997 /* Termina Bold.otf in Resources */,
				227EAFF62603286900F78997 /* Termina Black.otf in Resources */,
				22F3CA572605DC3C006EEF02 /* home4.png in Resources */,
				22F3CA5D2605DC52006EEF02 /* home6.png in Resources */,
				22F3CA5A2605DC44006EEF02 /* home5.png in Resources */,
				227EAFF82603286900F78997 /* Termina Light.otf in Resources */,
				22F3CA542605DC2F006EEF02 /* home3.png in Resources */,
				226DDC8925EFBD61008926D9 /* Assets.xcassets in Resources */,
				22E7DAAF25F6714E006F98EF /* home2.png in Resources */,
			);
			runOnlyForDeploymentPostprocessing = 0;
		};
/* End PBXResourcesBuildPhase section */

/* Begin PBXSourcesBuildPhase section */
		226DDC7D25EFBD5B008926D9 /* Sources */ = {
			isa = PBXSourcesBuildPhase;
			buildActionMask = 2147483647;
			files = (
				22D2A3DD2602453B00C72974 /* PDPProductInitialDescView.swift in Sources */,
				229D8AEF2608E115001C846A /* EC2MenuCateroryListCollection.swift in Sources */,
				22C9669626160DF300BFD393 /* EC2OrderStatusView.swift in Sources */,
				227EAFFF26032A8D00F78997 /* Text+Font.swift in Sources */,
				22B9D0D2260CB78700F4C72E /* ShapeOverlayDemo.swift in Sources */,
				22DD863525F09D0A00CD94BE /* PageControl.swift in Sources */,
				22920D51261375F2008CBBF3 /* EC2OrderScreen.swift in Sources */,
				2252FC5925F9DD170060E8D8 /* PLPView.swift in Sources */,
				22920D5426137EB2008CBBF3 /* EC2OrderList.swift in Sources */,
				226DDC9525EFC399008926D9 /* HomeScreenView.swift in Sources */,
				225783712609AAB1004CCAC0 /* EC2FoodList.swift in Sources */,
				22DD863F25F0A49100CD94BE /* HomePortraitProductView.swift in Sources */,
				22DE3F4726078F8D003CB443 /* EC2Home.swift in Sources */,
				22DD863C25F0A3D200CD94BE /* HomeCategoryListView.swift in Sources */,
				226DDC8725EFBD5B008926D9 /* ContentView.swift in Sources */,
				226DDC8525EFBD5B008926D9 /* Ecommerce_ScreensApp.swift in Sources */,
				22959814260ACF76007501A1 /* FoodItemDetailView.swift in Sources */,
				225783742609ABCC004CCAC0 /* FoodItemCell.swift in Sources */,
				22D2A3D22602380E00C72974 /* PDPView.swift in Sources */,
				22DD863925F09F0900CD94BE /* Color+Codable.swift in Sources */,
				22DE3F4A260792B3003CB443 /* EC2HomeDeliveryAddressCell.swift in Sources */,
				22D2A3CF2601D4D100C72974 /* PLPSortFilterHeaderView.swift in Sources */,
				22DD864225F0B26400CD94BE /* RoundedCorners.swift in Sources */,
				226DDC9825EFCDA1008926D9 /* HomeTopBannerView.swift in Sources */,
				22920D5726138C1B008CBBF3 /* EC2OrderListCell.swift in Sources */,
				22D2A3E32602589000C72974 /* PDPColorsCollectionView.swift in Sources */,
				22D2A3E02602560E00C72974 /* PDPColorsView.swift in Sources */,
			);
			runOnlyForDeploymentPostprocessing = 0;
		};
/* End PBXSourcesBuildPhase section */

/* Begin XCBuildConfiguration section */
		226DDC8E25EFBD61008926D9 /* Debug */ = {
			isa = XCBuildConfiguration;
			buildSettings = {
				ALWAYS_SEARCH_USER_PATHS = NO;
				CLANG_ANALYZER_NONNULL = YES;
				CLANG_ANALYZER_NUMBER_OBJECT_CONVERSION = YES_AGGRESSIVE;
				CLANG_CXX_LANGUAGE_STANDARD = "gnu++14";
				CLANG_CXX_LIBRARY = "libc++";
				CLANG_ENABLE_MODULES = YES;
				CLANG_ENABLE_OBJC_ARC = YES;
				CLANG_ENABLE_OBJC_WEAK = YES;
				CLANG_WARN_BLOCK_CAPTURE_AUTORELEASING = YES;
				CLANG_WARN_BOOL_CONVERSION = YES;
				CLANG_WARN_COMMA = YES;
				CLANG_WARN_CONSTANT_CONVERSION = YES;
				CLANG_WARN_DEPRECATED_OBJC_IMPLEMENTATIONS = YES;
				CLANG_WARN_DIRECT_OBJC_ISA_USAGE = YES_ERROR;
				CLANG_WARN_DOCUMENTATION_COMMENTS = YES;
				CLANG_WARN_EMPTY_BODY = YES;
				CLANG_WARN_ENUM_CONVERSION = YES;
				CLANG_WARN_INFINITE_RECURSION = YES;
				CLANG_WARN_INT_CONVERSION = YES;
				CLANG_WARN_NON_LITERAL_NULL_CONVERSION = YES;
				CLANG_WARN_OBJC_IMPLICIT_RETAIN_SELF = YES;
				CLANG_WARN_OBJC_LITERAL_CONVERSION = YES;
				CLANG_WARN_OBJC_ROOT_CLASS = YES_ERROR;
				CLANG_WARN_QUOTED_INCLUDE_IN_FRAMEWORK_HEADER = YES;
				CLANG_WARN_RANGE_LOOP_ANALYSIS = YES;
				CLANG_WARN_STRICT_PROTOTYPES = YES;
				CLANG_WARN_SUSPICIOUS_MOVE = YES;
				CLANG_WARN_UNGUARDED_AVAILABILITY = YES_AGGRESSIVE;
				CLANG_WARN_UNREACHABLE_CODE = YES;
				CLANG_WARN__DUPLICATE_METHOD_MATCH = YES;
				COPY_PHASE_STRIP = NO;
				DEBUG_INFORMATION_FORMAT = dwarf;
				ENABLE_STRICT_OBJC_MSGSEND = YES;
				ENABLE_TESTABILITY = YES;
				GCC_C_LANGUAGE_STANDARD = gnu11;
				GCC_DYNAMIC_NO_PIC = NO;
				GCC_NO_COMMON_BLOCKS = YES;
				GCC_OPTIMIZATION_LEVEL = 0;
				GCC_PREPROCESSOR_DEFINITIONS = (
					"DEBUG=1",
					"$(inherited)",
				);
				GCC_WARN_64_TO_32_BIT_CONVERSION = YES;
				GCC_WARN_ABOUT_RETURN_TYPE = YES_ERROR;
				GCC_WARN_UNDECLARED_SELECTOR = YES;
				GCC_WARN_UNINITIALIZED_AUTOS = YES_AGGRESSIVE;
				GCC_WARN_UNUSED_FUNCTION = YES;
				GCC_WARN_UNUSED_VARIABLE = YES;
				IPHONEOS_DEPLOYMENT_TARGET = 14.3;
				MTL_ENABLE_DEBUG_INFO = INCLUDE_SOURCE;
				MTL_FAST_MATH = YES;
				ONLY_ACTIVE_ARCH = YES;
				SDKROOT = iphoneos;
				SWIFT_ACTIVE_COMPILATION_CONDITIONS = DEBUG;
				SWIFT_OPTIMIZATION_LEVEL = "-Onone";
			};
			name = Debug;
		};
		226DDC8F25EFBD61008926D9 /* Release */ = {
			isa = XCBuildConfiguration;
			buildSettings = {
				ALWAYS_SEARCH_USER_PATHS = NO;
				CLANG_ANALYZER_NONNULL = YES;
				CLANG_ANALYZER_NUMBER_OBJECT_CONVERSION = YES_AGGRESSIVE;
				CLANG_CXX_LANGUAGE_STANDARD = "gnu++14";
				CLANG_CXX_LIBRARY = "libc++";
				CLANG_ENABLE_MODULES = YES;
				CLANG_ENABLE_OBJC_ARC = YES;
				CLANG_ENABLE_OBJC_WEAK = YES;
				CLANG_WARN_BLOCK_CAPTURE_AUTORELEASING = YES;
				CLANG_WARN_BOOL_CONVERSION = YES;
				CLANG_WARN_COMMA = YES;
				CLANG_WARN_CONSTANT_CONVERSION = YES;
				CLANG_WARN_DEPRECATED_OBJC_IMPLEMENTATIONS = YES;
				CLANG_WARN_DIRECT_OBJC_ISA_USAGE = YES_ERROR;
				CLANG_WARN_DOCUMENTATION_COMMENTS = YES;
				CLANG_WARN_EMPTY_BODY = YES;
				CLANG_WARN_ENUM_CONVERSION = YES;
				CLANG_WARN_INFINITE_RECURSION = YES;
				CLANG_WARN_INT_CONVERSION = YES;
				CLANG_WARN_NON_LITERAL_NULL_CONVERSION = YES;
				CLANG_WARN_OBJC_IMPLICIT_RETAIN_SELF = YES;
				CLANG_WARN_OBJC_LITERAL_CONVERSION = YES;
				CLANG_WARN_OBJC_ROOT_CLASS = YES_ERROR;
				CLANG_WARN_QUOTED_INCLUDE_IN_FRAMEWORK_HEADER = YES;
				CLANG_WARN_RANGE_LOOP_ANALYSIS = YES;
				CLANG_WARN_STRICT_PROTOTYPES = YES;
				CLANG_WARN_SUSPICIOUS_MOVE = YES;
				CLANG_WARN_UNGUARDED_AVAILABILITY = YES_AGGRESSIVE;
				CLANG_WARN_UNREACHABLE_CODE = YES;
				CLANG_WARN__DUPLICATE_METHOD_MATCH = YES;
				COPY_PHASE_STRIP = NO;
				DEBUG_INFORMATION_FORMAT = "dwarf-with-dsym";
				ENABLE_NS_ASSERTIONS = NO;
				ENABLE_STRICT_OBJC_MSGSEND = YES;
				GCC_C_LANGUAGE_STANDARD = gnu11;
				GCC_NO_COMMON_BLOCKS = YES;
				GCC_WARN_64_TO_32_BIT_CONVERSION = YES;
				GCC_WARN_ABOUT_RETURN_TYPE = YES_ERROR;
				GCC_WARN_UNDECLARED_SELECTOR = YES;
				GCC_WARN_UNINITIALIZED_AUTOS = YES_AGGRESSIVE;
				GCC_WARN_UNUSED_FUNCTION = YES;
				GCC_WARN_UNUSED_VARIABLE = YES;
				IPHONEOS_DEPLOYMENT_TARGET = 14.3;
				MTL_ENABLE_DEBUG_INFO = NO;
				MTL_FAST_MATH = YES;
				SDKROOT = iphoneos;
				SWIFT_COMPILATION_MODE = wholemodule;
				SWIFT_OPTIMIZATION_LEVEL = "-O";
				VALIDATE_PRODUCT = YES;
			};
			name = Release;
		};
		226DDC9125EFBD61008926D9 /* Debug */ = {
			isa = XCBuildConfiguration;
			buildSettings = {
				ASSETCATALOG_COMPILER_APPICON_NAME = AppIcon;
				ASSETCATALOG_COMPILER_GLOBAL_ACCENT_COLOR_NAME = AccentColor;
				CODE_SIGN_STYLE = Automatic;
				DEVELOPMENT_ASSET_PATHS = "\"Ecommerce Screens/Preview Content\"";
				DEVELOPMENT_TEAM = 54958LAJ8F;
				ENABLE_PREVIEWS = YES;
				INFOPLIST_FILE = "Ecommerce Screens/Info.plist";
				IPHONEOS_DEPLOYMENT_TARGET = 14.0;
				LD_RUNPATH_SEARCH_PATHS = (
					"$(inherited)",
					"@executable_path/Frameworks",
				);
				PRODUCT_BUNDLE_IDENTIFIER = "com.jyo.app.Ecommerce-Screens";
				PRODUCT_NAME = "$(TARGET_NAME)";
				SWIFT_VERSION = 5.0;
				TARGETED_DEVICE_FAMILY = "1,2";
			};
			name = Debug;
		};
		226DDC9225EFBD61008926D9 /* Release */ = {
			isa = XCBuildConfiguration;
			buildSettings = {
				ASSETCATALOG_COMPILER_APPICON_NAME = AppIcon;
				ASSETCATALOG_COMPILER_GLOBAL_ACCENT_COLOR_NAME = AccentColor;
				CODE_SIGN_STYLE = Automatic;
				DEVELOPMENT_ASSET_PATHS = "\"Ecommerce Screens/Preview Content\"";
				DEVELOPMENT_TEAM = 54958LAJ8F;
				ENABLE_PREVIEWS = YES;
				INFOPLIST_FILE = "Ecommerce Screens/Info.plist";
				IPHONEOS_DEPLOYMENT_TARGET = 14.0;
				LD_RUNPATH_SEARCH_PATHS = (
					"$(inherited)",
					"@executable_path/Frameworks",
				);
				PRODUCT_BUNDLE_IDENTIFIER = "com.jyo.app.Ecommerce-Screens";
				PRODUCT_NAME = "$(TARGET_NAME)";
				SWIFT_VERSION = 5.0;
				TARGETED_DEVICE_FAMILY = "1,2";
			};
			name = Release;
		};
/* End XCBuildConfiguration section */

/* Begin XCConfigurationList section */
		226DDC7C25EFBD5B008926D9 /* Build configuration list for PBXProject "Ecommerce Screens" */ = {
			isa = XCConfigurationList;
			buildConfigurations = (
				226DDC8E25EFBD61008926D9 /* Debug */,
				226DDC8F25EFBD61008926D9 /* Release */,
			);
			defaultConfigurationIsVisible = 0;
			defaultConfigurationName = Release;
		};
		226DDC9025EFBD61008926D9 /* Build configuration list for PBXNativeTarget "Ecommerce Screens" */ = {
			isa = XCConfigurationList;
			buildConfigurations = (
				226DDC9125EFBD61008926D9 /* Debug */,
				226DDC9225EFBD61008926D9 /* Release */,
			);
			defaultConfigurationIsVisible = 0;
			defaultConfigurationName = Release;
		};
/* End XCConfigurationList section */
	};
	rootObject = 226DDC7925EFBD5B008926D9 /* Project object */;
}
